
Microsoft Visual Studio Solution File, Format Version 12.00
# Visual Studio 15
VisualStudioVersion = 15.0.28307.645
MinimumVisualStudioVersion = 10.0.40219.1
Project("{FAE04EC0-301F-11D3-BF4B-00C04F79EFBC}") = "AngularJS_Project", "AngularJS_Project\AngularJS_Project.csproj", "{40B35351-0F54-433C-B080-90B73BCB16EF}"
EndProject
Global
	GlobalSection(SolutionConfigurationPlatforms) = preSolution
		Debug|Any CPU = Debug|Any CPU
		Release|Any CPU = Release|Any CPU
	EndGlobalSection
	GlobalSection(ProjectConfigurationPlatforms) = postSolution
		{40B35351-0F54-433C-B080-90B73BCB16EF}.Debug|Any CPU.ActiveCfg = Debug|Any CPU
		{40B35351-0F54-433C-B080-90B73BCB16EF}.Debug|Any CPU.Build.0 = Debug|Any CPU
		{40B35351-0F54-433C-B080-90B73BCB16EF}.Release|Any CPU.ActiveCfg = Release|Any CPU
		{40B35351-0F54-433C-B080-90B73BCB16EF}.Release|Any CPU.Build.0 = Release|Any CPU
	EndGlobalSection
	GlobalSection(SolutionProperties) = preSolution
		HideSolutionNode = FALSE
	EndGlobalSection
	GlobalSection(ExtensibilityGlobals) = postSolution
		SolutionGuid = {5B18F4A5-34F7-4586-B268-98E304344969}
	EndGlobalSection
EndGlobal
